
Microsoft Visual Studio Solution File, Format Version 12.00
# Visual Studio 15
VisualStudioVersion = 15.0.27130.0
MinimumVisualStudioVersion = 10.0.40219.1
Project("{FAE04EC0-301F-11D3-BF4B-00C04F79EFBC}") = "Portal aukcyjny", "Portal aukcyjny\Portal aukcyjny.csproj", "{B85411A9-9AAD-4CA7-847D-B2F1F687D535}"
EndProject
Project("{FAE04EC0-301F-11D3-BF4B-00C04F79EFBC}") = "Presenter", "Presenter\Presenter.csproj", "{88CE8A85-8F7B-492A-A30D-0CD036BB8AE3}"
EndProject
Project("{FAE04EC0-301F-11D3-BF4B-00C04F79EFBC}") = "Repository", "Repository\Repository.csproj", "{80B1D271-D40F-4628-97BC-76D603BC5090}"
EndProject
Global
	GlobalSection(SolutionConfigurationPlatforms) = preSolution
		Debug|Any CPU = Debug|Any CPU
		Release|Any CPU = Release|Any CPU
	EndGlobalSection
	GlobalSection(ProjectConfigurationPlatforms) = postSolution
		{B85411A9-9AAD-4CA7-847D-B2F1F687D535}.Debug|Any CPU.ActiveCfg = Debug|Any CPU
		{B85411A9-9AAD-4CA7-847D-B2F1F687D535}.Debug|Any CPU.Build.0 = Debug|Any CPU
		{B85411A9-9AAD-4CA7-847D-B2F1F687D535}.Release|Any CPU.ActiveCfg = Release|Any CPU
		{B85411A9-9AAD-4CA7-847D-B2F1F687D535}.Release|Any CPU.Build.0 = Release|Any CPU
		{88CE8A85-8F7B-492A-A30D-0CD036BB8AE3}.Debug|Any CPU.ActiveCfg = Debug|Any CPU
		{88CE8A85-8F7B-492A-A30D-0CD036BB8AE3}.Debug|Any CPU.Build.0 = Debug|Any CPU
		{88CE8A85-8F7B-492A-A30D-0CD036BB8AE3}.Release|Any CPU.ActiveCfg = Release|Any CPU
		{88CE8A85-8F7B-492A-A30D-0CD036BB8AE3}.Release|Any CPU.Build.0 = Release|Any CPU
		{80B1D271-D40F-4628-97BC-76D603BC5090}.Debug|Any CPU.ActiveCfg = Debug|Any CPU
		{80B1D271-D40F-4628-97BC-76D603BC5090}.Debug|Any CPU.Build.0 = Debug|Any CPU
		{80B1D271-D40F-4628-97BC-76D603BC5090}.Release|Any CPU.ActiveCfg = Release|Any CPU
		{80B1D271-D40F-4628-97BC-76D603BC5090}.Release|Any CPU.Build.0 = Release|Any CPU
	EndGlobalSection
	GlobalSection(SolutionProperties) = preSolution
		HideSolutionNode = FALSE
	EndGlobalSection
	GlobalSection(ExtensibilityGlobals) = postSolution
		SolutionGuid = {AFE49EE8-4D56-45AB-B6F7-761F318DAC20}
	EndGlobalSection
EndGlobal
