
Microsoft Visual Studio Solution File, Format Version 12.00
# Visual Studio 15
VisualStudioVersion = 15.0.27130.0
MinimumVisualStudioVersion = 10.0.40219.1
Project("{FAE04EC0-301F-11D3-BF4B-00C04F79EFBC}") = "Portal aukcyjny", "Portal aukcyjny\Portal aukcyjny.csproj", "{188132EF-6508-4AB8-A622-5758B0863E10}"
EndProject
Global
	GlobalSection(SolutionConfigurationPlatforms) = preSolution
		Debug|Any CPU = Debug|Any CPU
		Release|Any CPU = Release|Any CPU
	EndGlobalSection
	GlobalSection(ProjectConfigurationPlatforms) = postSolution
		{188132EF-6508-4AB8-A622-5758B0863E10}.Debug|Any CPU.ActiveCfg = Debug|Any CPU
		{188132EF-6508-4AB8-A622-5758B0863E10}.Debug|Any CPU.Build.0 = Debug|Any CPU
		{188132EF-6508-4AB8-A622-5758B0863E10}.Release|Any CPU.ActiveCfg = Release|Any CPU
		{188132EF-6508-4AB8-A622-5758B0863E10}.Release|Any CPU.Build.0 = Release|Any CPU
	EndGlobalSection
	GlobalSection(SolutionProperties) = preSolution
		HideSolutionNode = FALSE
	EndGlobalSection
	GlobalSection(ExtensibilityGlobals) = postSolution
		SolutionGuid = {DB3C85F0-C52E-4198-AACD-DB160B45E14B}
	EndGlobalSection
EndGlobal
